
Microsoft Visual Studio Solution File, Format Version 12.00
# Visual Studio Version 16
VisualStudioVersion = 16.0.31410.357
MinimumVisualStudioVersion = 10.0.40219.1
Project("{FAE04EC0-301F-11D3-BF4B-00C04F79EFBC}") = "File Text Displayer", "File Text Displayer\File Text Displayer.csproj", "{2765F6D6-29FF-4538-9736-EF6FB2DED588}"
EndProject
Global
	GlobalSection(SolutionConfigurationPlatforms) = preSolution
		Debug|Any CPU = Debug|Any CPU
		Release|Any CPU = Release|Any CPU
	EndGlobalSection
	GlobalSection(ProjectConfigurationPlatforms) = postSolution
		{2765F6D6-29FF-4538-9736-EF6FB2DED588}.Debug|Any CPU.ActiveCfg = Debug|Any CPU
		{2765F6D6-29FF-4538-9736-EF6FB2DED588}.Debug|Any CPU.Build.0 = Debug|Any CPU
		{2765F6D6-29FF-4538-9736-EF6FB2DED588}.Release|Any CPU.ActiveCfg = Release|Any CPU
		{2765F6D6-29FF-4538-9736-EF6FB2DED588}.Release|Any CPU.Build.0 = Release|Any CPU
	EndGlobalSection
	GlobalSection(SolutionProperties) = preSolution
		HideSolutionNode = FALSE
	EndGlobalSection
	GlobalSection(ExtensibilityGlobals) = postSolution
		SolutionGuid = {09CA2C40-125A-41A7-8F31-3736A705271D}
	EndGlobalSection
EndGlobal
